
Microsoft Visual Studio Solution File, Format Version 12.00
# Visual Studio Version 17
VisualStudioVersion = 17.9.34616.47
MinimumVisualStudioVersion = 10.0.40219.1
Project("{FAE04EC0-301F-11D3-BF4B-00C04F79EFBC}") = "GrubFinder", "GrubFinder\GrubFinder.csproj", "{78ED16B8-0556-42D1-8698-CB526641E975}"
EndProject
Global
	GlobalSection(SolutionConfigurationPlatforms) = preSolution
		Debug|Any CPU = Debug|Any CPU
		Release|Any CPU = Release|Any CPU
	EndGlobalSection
	GlobalSection(ProjectConfigurationPlatforms) = postSolution
		{78ED16B8-0556-42D1-8698-CB526641E975}.Debug|Any CPU.ActiveCfg = Debug|Any CPU
		{78ED16B8-0556-42D1-8698-CB526641E975}.Debug|Any CPU.Build.0 = Debug|Any CPU
		{78ED16B8-0556-42D1-8698-CB526641E975}.Release|Any CPU.ActiveCfg = Release|Any CPU
		{78ED16B8-0556-42D1-8698-CB526641E975}.Release|Any CPU.Build.0 = Release|Any CPU
	EndGlobalSection
	GlobalSection(SolutionProperties) = preSolution
		HideSolutionNode = FALSE
	EndGlobalSection
	GlobalSection(ExtensibilityGlobals) = postSolution
		SolutionGuid = {B6671017-80D0-465C-BBA4-8E63079F40CC}
	EndGlobalSection
EndGlobal
